// !$*UTF8*$!
{
	archiveVersion = 1;
	classes = {
	};
	objectVersion = 51;
	objects = {

/* Begin PBXBuildFile section */
		4E20F7ABD04908E07CD9B2A0 /* Pods_AntiConsumerism.framework in Frameworks */ = {isa = PBXBuildFile; fileRef = 8D54F5CD14C09A6421AD4412 /* Pods_AntiConsumerism.framework */; };
		F9235CC123EFF7F80037F5DA /* NeedOrWant.swift in Sources */ = {isa = PBXBuildFile; fileRef = F9235CC023EFF7F80037F5DA /* NeedOrWant.swift */; };
		F9235CC323F257F90037F5DA /* IWantIt.swift in Sources */ = {isa = PBXBuildFile; fileRef = F9235CC223F257F90037F5DA /* IWantIt.swift */; };
		F9235CC523F258090037F5DA /* INeedIt.swift in Sources */ = {isa = PBXBuildFile; fileRef = F9235CC423F258090037F5DA /* INeedIt.swift */; };
		F9235CC723F262CB0037F5DA /* Succeed.swift in Sources */ = {isa = PBXBuildFile; fileRef = F9235CC623F262CB0037F5DA /* Succeed.swift */; };
		F9235CC923F27B660037F5DA /* RootState.swift in Sources */ = {isa = PBXBuildFile; fileRef = F9235CC823F27B660037F5DA /* RootState.swift */; };
		F9235CCB23F41B6A0037F5DA /* MyIncome.swift in Sources */ = {isa = PBXBuildFile; fileRef = F9235CCA23F41B6A0037F5DA /* MyIncome.swift */; };
		F9235CCD23F423800037F5DA /* CostPercentage.swift in Sources */ = {isa = PBXBuildFile; fileRef = F9235CCC23F423800037F5DA /* CostPercentage.swift */; };
		F9235CCF23F4FA820037F5DA /* BuyIt.swift in Sources */ = {isa = PBXBuildFile; fileRef = F9235CCE23F4FA820037F5DA /* BuyIt.swift */; };
		F93B230623E681C3002E34F9 /* AppDelegate.swift in Sources */ = {isa = PBXBuildFile; fileRef = F93B230523E681C3002E34F9 /* AppDelegate.swift */; };
		F93B230823E681C3002E34F9 /* SceneDelegate.swift in Sources */ = {isa = PBXBuildFile; fileRef = F93B230723E681C3002E34F9 /* SceneDelegate.swift */; };
		F93B230A23E681C3002E34F9 /* HomeScreen.swift in Sources */ = {isa = PBXBuildFile; fileRef = F93B230923E681C3002E34F9 /* HomeScreen.swift */; };
		F93B230C23E681C9002E34F9 /* Assets.xcassets in Resources */ = {isa = PBXBuildFile; fileRef = F93B230B23E681C9002E34F9 /* Assets.xcassets */; };
		F93B230F23E681C9002E34F9 /* Preview Assets.xcassets in Resources */ = {isa = PBXBuildFile; fileRef = F93B230E23E681C9002E34F9 /* Preview Assets.xcassets */; };
		F93B231223E681C9002E34F9 /* LaunchScreen.storyboard in Resources */ = {isa = PBXBuildFile; fileRef = F93B231023E681C9002E34F9 /* LaunchScreen.storyboard */; };
		F995F89023FB9DD700A669BF /* Record.swift in Sources */ = {isa = PBXBuildFile; fileRef = F995F88F23FB9DD700A669BF /* Record.swift */; };
		F995F89223FBFECF00A669BF /* Advertisement.swift in Sources */ = {isa = PBXBuildFile; fileRef = F995F89123FBFECF00A669BF /* Advertisement.swift */; };
		F9C547AB23EE8F6800A69C28 /* UserData.swift in Sources */ = {isa = PBXBuildFile; fileRef = F9C547AA23EE8F6800A69C28 /* UserData.swift */; };
/* End PBXBuildFile section */

/* Begin PBXFileReference section */
		8D54F5CD14C09A6421AD4412 /* Pods_AntiConsumerism.framework */ = {isa = PBXFileReference; explicitFileType = wrapper.framework; includeInIndex = 0; path = Pods_AntiConsumerism.framework; sourceTree = BUILT_PRODUCTS_DIR; };
		D748C7CFEA1FDC19AD38B356 /* Pods-AntiConsumerism.release.xcconfig */ = {isa = PBXFileReference; includeInIndex = 1; lastKnownFileType = text.xcconfig; name = "Pods-AntiConsumerism.release.xcconfig"; path = "Target Support Files/Pods-AntiConsumerism/Pods-AntiConsumerism.release.xcconfig"; sourceTree = "<group>"; };
		F41D925757EC3C607DE09E46 /* Pods-AntiConsumerism.debug.xcconfig */ = {isa = PBXFileReference; includeInIndex = 1; lastKnownFileType = text.xcconfig; name = "Pods-AntiConsumerism.debug.xcconfig"; path = "Target Support Files/Pods-AntiConsumerism/Pods-AntiConsumerism.debug.xcconfig"; sourceTree = "<group>"; };
		F9235CC023EFF7F80037F5DA /* NeedOrWant.swift */ = {isa = PBXFileReference; lastKnownFileType = sourcecode.swift; path = NeedOrWant.swift; sourceTree = "<group>"; };
		F9235CC223F257F90037F5DA /* IWantIt.swift */ = {isa = PBXFileReference; lastKnownFileType = sourcecode.swift; path = IWantIt.swift; sourceTree = "<group>"; };
		F9235CC423F258090037F5DA /* INeedIt.swift */ = {isa = PBXFileReference; lastKnownFileType = sourcecode.swift; path = INeedIt.swift; sourceTree = "<group>"; };
		F9235CC623F262CB0037F5DA /* Succeed.swift */ = {isa = PBXFileReference; lastKnownFileType = sourcecode.swift; path = Succeed.swift; sourceTree = "<group>"; };
		F9235CC823F27B660037F5DA /* RootState.swift */ = {isa = PBXFileReference; lastKnownFileType = sourcecode.swift; path = RootState.swift; sourceTree = "<group>"; };
		F9235CCA23F41B6A0037F5DA /* MyIncome.swift */ = {isa = PBXFileReference; lastKnownFileType = sourcecode.swift; path = MyIncome.swift; sourceTree = "<group>"; };
		F9235CCC23F423800037F5DA /* CostPercentage.swift */ = {isa = PBXFileReference; lastKnownFileType = sourcecode.swift; path = CostPercentage.swift; sourceTree = "<group>"; };
		F9235CCE23F4FA820037F5DA /* BuyIt.swift */ = {isa = PBXFileReference; lastKnownFileType = sourcecode.swift; path = BuyIt.swift; sourceTree = "<group>"; };
		F93B230223E681C3002E34F9 /* AntiConsumerism.app */ = {isa = PBXFileReference; explicitFileType = wrapper.application; includeInIndex = 0; path = AntiConsumerism.app; sourceTree = BUILT_PRODUCTS_DIR; };
		F93B230523E681C3002E34F9 /* AppDelegate.swift */ = {isa = PBXFileReference; lastKnownFileType = sourcecode.swift; path = AppDelegate.swift; sourceTree = "<group>"; };
		F93B230723E681C3002E34F9 /* SceneDelegate.swift */ = {isa = PBXFileReference; lastKnownFileType = sourcecode.swift; path = SceneDelegate.swift; sourceTree = "<group>"; };
		F93B230923E681C3002E34F9 /* HomeScreen.swift */ = {isa = PBXFileReference; lastKnownFileType = sourcecode.swift; path = HomeScreen.swift; sourceTree = "<group>"; };
		F93B230B23E681C9002E34F9 /* Assets.xcassets */ = {isa = PBXFileReference; lastKnownFileType = folder.assetcatalog; path = Assets.xcassets; sourceTree = "<group>"; };
		F93B230E23E681C9002E34F9 /* Preview Assets.xcassets */ = {isa = PBXFileReference; lastKnownFileType = folder.assetcatalog; path = "Preview Assets.xcassets"; sourceTree = "<group>"; };
		F93B231123E681C9002E34F9 /* Base */ = {isa = PBXFileReference; lastKnownFileType = file.storyboard; name = Base; path = Base.lproj/LaunchScreen.storyboard; sourceTree = "<group>"; };
		F93B231323E681C9002E34F9 /* Info.plist */ = {isa = PBXFileReference; lastKnownFileType = text.plist.xml; path = Info.plist; sourceTree = "<group>"; };
		F995F88F23FB9DD700A669BF /* Record.swift */ = {isa = PBXFileReference; lastKnownFileType = sourcecode.swift; path = Record.swift; sourceTree = "<group>"; };
		F995F89123FBFECF00A669BF /* Advertisement.swift */ = {isa = PBXFileReference; lastKnownFileType = sourcecode.swift; path = Advertisement.swift; sourceTree = "<group>"; };
		F9C547AA23EE8F6800A69C28 /* UserData.swift */ = {isa = PBXFileReference; lastKnownFileType = sourcecode.swift; path = UserData.swift; sourceTree = "<group>"; };
/* End PBXFileReference section */

/* Begin PBXFrameworksBuildPhase section */
		F93B22FF23E681C3002E34F9 /* Frameworks */ = {
			isa = PBXFrameworksBuildPhase;
			buildActionMask = 2147483647;
			files = (
				4E20F7ABD04908E07CD9B2A0 /* Pods_AntiConsumerism.framework in Frameworks */,
			);
			runOnlyForDeploymentPostprocessing = 0;
		};
/* End PBXFrameworksBuildPhase section */

/* Begin PBXGroup section */
		DB70959FB9AF6C7BF4AE84A2 /* Pods */ = {
			isa = PBXGroup;
			children = (
				F41D925757EC3C607DE09E46 /* Pods-AntiConsumerism.debug.xcconfig */,
				D748C7CFEA1FDC19AD38B356 /* Pods-AntiConsumerism.release.xcconfig */,
			);
			path = Pods;
			sourceTree = "<group>";
		};
		F93B22F923E681C2002E34F9 = {
			isa = PBXGroup;
			children = (
				F93B230423E681C3002E34F9 /* AntiConsumerism */,
				F93B230323E681C3002E34F9 /* Products */,
				DB70959FB9AF6C7BF4AE84A2 /* Pods */,
				FDCF689C2CD6657B443708E8 /* Frameworks */,
			);
			sourceTree = "<group>";
		};
		F93B230323E681C3002E34F9 /* Products */ = {
			isa = PBXGroup;
			children = (
				F93B230223E681C3002E34F9 /* AntiConsumerism.app */,
			);
			name = Products;
			sourceTree = "<group>";
		};
		F93B230423E681C3002E34F9 /* AntiConsumerism */ = {
			isa = PBXGroup;
			children = (
				F9C547A923EE8A3B00A69C28 /* Model */,
				F93B230523E681C3002E34F9 /* AppDelegate.swift */,
				F93B230723E681C3002E34F9 /* SceneDelegate.swift */,
				F93B230923E681C3002E34F9 /* HomeScreen.swift */,
				F995F89123FBFECF00A669BF /* Advertisement.swift */,
				F995F88F23FB9DD700A669BF /* Record.swift */,
				F9235CC023EFF7F80037F5DA /* NeedOrWant.swift */,
				F9235CC223F257F90037F5DA /* IWantIt.swift */,
				F9235CC423F258090037F5DA /* INeedIt.swift */,
				F9235CCA23F41B6A0037F5DA /* MyIncome.swift */,
				F9235CCC23F423800037F5DA /* CostPercentage.swift */,
				F9235CC623F262CB0037F5DA /* Succeed.swift */,
				F9235CCE23F4FA820037F5DA /* BuyIt.swift */,
				F93B230B23E681C9002E34F9 /* Assets.xcassets */,
				F93B231023E681C9002E34F9 /* LaunchScreen.storyboard */,
				F93B231323E681C9002E34F9 /* Info.plist */,
				F93B230D23E681C9002E34F9 /* Preview Content */,
			);
			path = AntiConsumerism;
			sourceTree = "<group>";
		};
		F93B230D23E681C9002E34F9 /* Preview Content */ = {
			isa = PBXGroup;
			children = (
				F93B230E23E681C9002E34F9 /* Preview Assets.xcassets */,
			);
			path = "Preview Content";
			sourceTree = "<group>";
		};
		F9C547A923EE8A3B00A69C28 /* Model */ = {
			isa = PBXGroup;
			children = (
				F9C547AA23EE8F6800A69C28 /* UserData.swift */,
				F9235CC823F27B660037F5DA /* RootState.swift */,
			);
			path = Model;
			sourceTree = "<group>";
		};
		FDCF689C2CD6657B443708E8 /* Frameworks */ = {
			isa = PBXGroup;
			children = (
				8D54F5CD14C09A6421AD4412 /* Pods_AntiConsumerism.framework */,
			);
			name = Frameworks;
			sourceTree = "<group>";
		};
/* End PBXGroup section */

/* Begin PBXNativeTarget section */
		F93B230123E681C3002E34F9 /* AntiConsumerism */ = {
			isa = PBXNativeTarget;
			buildConfigurationList = F93B231623E681C9002E34F9 /* Build configuration list for PBXNativeTarget "AntiConsumerism" */;
			buildPhases = (
				BB388F8DFC0EE47C9BA8EB67 /* [CP] Check Pods Manifest.lock */,
				F93B22FE23E681C3002E34F9 /* Sources */,
				F93B22FF23E681C3002E34F9 /* Frameworks */,
				F93B230023E681C3002E34F9 /* Resources */,
				246CB63E85172613A5C7AD69 /* [CP] Embed Pods Frameworks */,
			);
			buildRules = (
			);
			dependencies = (
			);
			name = AntiConsumerism;
			productName = AntiConsumerism;
			productReference = F93B230223E681C3002E34F9 /* AntiConsumerism.app */;
			productType = "com.apple.product-type.application";
		};
/* End PBXNativeTarget section */

/* Begin PBXProject section */
		F93B22FA23E681C2002E34F9 /* Project object */ = {
			isa = PBXProject;
			attributes = {
				LastSwiftUpdateCheck = 1130;
				LastUpgradeCheck = 1130;
				ORGANIZATIONNAME = Lezardvaleth;
				TargetAttributes = {
					F93B230123E681C3002E34F9 = {
						CreatedOnToolsVersion = 11.3.1;
					};
				};
			};
			buildConfigurationList = F93B22FD23E681C2002E34F9 /* Build configuration list for PBXProject "AntiConsumerism" */;
			compatibilityVersion = "Xcode 9.3";
			developmentRegion = en;
			hasScannedForEncodings = 0;
			knownRegions = (
				en,
				Base,
			);
			mainGroup = F93B22F923E681C2002E34F9;
			productRefGroup = F93B230323E681C3002E34F9 /* Products */;
			projectDirPath = "";
			projectRoot = "";
			targets = (
				F93B230123E681C3002E34F9 /* AntiConsumerism */,
			);
		};
/* End PBXProject section */

/* Begin PBXResourcesBuildPhase section */
		F93B230023E681C3002E34F9 /* Resources */ = {
			isa = PBXResourcesBuildPhase;
			buildActionMask = 2147483647;
			files = (
				F93B231223E681C9002E34F9 /* LaunchScreen.storyboard in Resources */,
				F93B230F23E681C9002E34F9 /* Preview Assets.xcassets in Resources */,
				F93B230C23E681C9002E34F9 /* Assets.xcassets in Resources */,
			);
			runOnlyForDeploymentPostprocessing = 0;
		};
/* End PBXResourcesBuildPhase section */

/* Begin PBXShellScriptBuildPhase section */
		246CB63E85172613A5C7AD69 /* [CP] Embed Pods Frameworks */ = {
			isa = PBXShellScriptBuildPhase;
			buildActionMask = 2147483647;
			files = (
			);
			inputFileListPaths = (
				"${PODS_ROOT}/Target Support Files/Pods-AntiConsumerism/Pods-AntiConsumerism-frameworks-${CONFIGURATION}-input-files.xcfilelist",
			);
			name = "[CP] Embed Pods Frameworks";
			outputFileListPaths = (
				"${PODS_ROOT}/Target Support Files/Pods-AntiConsumerism/Pods-AntiConsumerism-frameworks-${CONFIGURATION}-output-files.xcfilelist",
			);
			runOnlyForDeploymentPostprocessing = 0;
			shellPath = /bin/sh;
			shellScript = "\"${PODS_ROOT}/Target Support Files/Pods-AntiConsumerism/Pods-AntiConsumerism-frameworks.sh\"\n";
			showEnvVarsInLog = 0;
		};
		BB388F8DFC0EE47C9BA8EB67 /* [CP] Check Pods Manifest.lock */ = {
			isa = PBXShellScriptBuildPhase;
			buildActionMask = 2147483647;
			files = (
			);
			inputFileListPaths = (
			);
			inputPaths = (
				"${PODS_PODFILE_DIR_PATH}/Podfile.lock",
				"${PODS_ROOT}/Manifest.lock",
			);
			name = "[CP] Check Pods Manifest.lock";
			outputFileListPaths = (
			);
			outputPaths = (
				"$(DERIVED_FILE_DIR)/Pods-AntiConsumerism-checkManifestLockResult.txt",
			);
			runOnlyForDeploymentPostprocessing = 0;
			shellPath = /bin/sh;
			shellScript = "diff \"${PODS_PODFILE_DIR_PATH}/Podfile.lock\" \"${PODS_ROOT}/Manifest.lock\" > /dev/null\nif [ $? != 0 ] ; then\n    # print error to STDERR\n    echo \"error: The sandbox is not in sync with the Podfile.lock. Run 'pod install' or update your CocoaPods installation.\" >&2\n    exit 1\nfi\n# This output is used by Xcode 'outputs' to avoid re-running this script phase.\necho \"SUCCESS\" > \"${SCRIPT_OUTPUT_FILE_0}\"\n";
			showEnvVarsInLog = 0;
		};
/* End PBXShellScriptBuildPhase section */

/* Begin PBXSourcesBuildPhase section */
		F93B22FE23E681C3002E34F9 /* Sources */ = {
			isa = PBXSourcesBuildPhase;
			buildActionMask = 2147483647;
			files = (
				F93B230623E681C3002E34F9 /* AppDelegate.swift in Sources */,
				F9235CC923F27B660037F5DA /* RootState.swift in Sources */,
				F9235CCB23F41B6A0037F5DA /* MyIncome.swift in Sources */,
				F93B230823E681C3002E34F9 /* SceneDelegate.swift in Sources */,
				F9235CC323F257F90037F5DA /* IWantIt.swift in Sources */,
				F9C547AB23EE8F6800A69C28 /* UserData.swift in Sources */,
				F9235CC723F262CB0037F5DA /* Succeed.swift in Sources */,
				F995F89223FBFECF00A669BF /* Advertisement.swift in Sources */,
				F995F89023FB9DD700A669BF /* Record.swift in Sources */,
				F9235CC123EFF7F80037F5DA /* NeedOrWant.swift in Sources */,
				F93B230A23E681C3002E34F9 /* HomeScreen.swift in Sources */,
				F9235CC523F258090037F5DA /* INeedIt.swift in Sources */,
				F9235CCD23F423800037F5DA /* CostPercentage.swift in Sources */,
				F9235CCF23F4FA820037F5DA /* BuyIt.swift in Sources */,
			);
			runOnlyForDeploymentPostprocessing = 0;
		};
/* End PBXSourcesBuildPhase section */

/* Begin PBXVariantGroup section */
		F93B231023E681C9002E34F9 /* LaunchScreen.storyboard */ = {
			isa = PBXVariantGroup;
			children = (
				F93B231123E681C9002E34F9 /* Base */,
			);
			name = LaunchScreen.storyboard;
			sourceTree = "<group>";
		};
/* End PBXVariantGroup section */

/* Begin XCBuildConfiguration section */
		F93B231423E681C9002E34F9 /* Debug */ = {
			isa = XCBuildConfiguration;
			buildSettings = {
				ALWAYS_SEARCH_USER_PATHS = NO;
				CLANG_ANALYZER_NONNULL = YES;
				CLANG_ANALYZER_NUMBER_OBJECT_CONVERSION = YES_AGGRESSIVE;
				CLANG_CXX_LANGUAGE_STANDARD = "gnu++14";
				CLANG_CXX_LIBRARY = "libc++";
				CLANG_ENABLE_MODULES = YES;
				CLANG_ENABLE_OBJC_ARC = YES;
				CLANG_ENABLE_OBJC_WEAK = YES;
				CLANG_WARN_BLOCK_CAPTURE_AUTORELEASING = YES;
				CLANG_WARN_BOOL_CONVERSION = YES;
				CLANG_WARN_COMMA = YES;
				CLANG_WARN_CONSTANT_CONVERSION = YES;
				CLANG_WARN_DEPRECATED_OBJC_IMPLEMENTATIONS = YES;
				CLANG_WARN_DIRECT_OBJC_ISA_USAGE = YES_ERROR;
				CLANG_WARN_DOCUMENTATION_COMMENTS = YES;
				CLANG_WARN_EMPTY_BODY = YES;
				CLANG_WARN_ENUM_CONVERSION = YES;
				CLANG_WARN_INFINITE_RECURSION = YES;
				CLANG_WARN_INT_CONVERSION = YES;
				CLANG_WARN_NON_LITERAL_NULL_CONVERSION = YES;
				CLANG_WARN_OBJC_IMPLICIT_RETAIN_SELF = YES;
				CLANG_WARN_OBJC_LITERAL_CONVERSION = YES;
				CLANG_WARN_OBJC_ROOT_CLASS = YES_ERROR;
				CLANG_WARN_RANGE_LOOP_ANALYSIS = YES;
				CLANG_WARN_STRICT_PROTOTYPES = YES;
				CLANG_WARN_SUSPICIOUS_MOVE = YES;
				CLANG_WARN_UNGUARDED_AVAILABILITY = YES_AGGRESSIVE;
				CLANG_WARN_UNREACHABLE_CODE = YES;
				CLANG_WARN__DUPLICATE_METHOD_MATCH = YES;
				COPY_PHASE_STRIP = NO;
				DEBUG_INFORMATION_FORMAT = dwarf;
				ENABLE_STRICT_OBJC_MSGSEND = YES;
				ENABLE_TESTABILITY = YES;
				GCC_C_LANGUAGE_STANDARD = gnu11;
				GCC_DYNAMIC_NO_PIC = NO;
				GCC_NO_COMMON_BLOCKS = YES;
				GCC_OPTIMIZATION_LEVEL = 0;
				GCC_PREPROCESSOR_DEFINITIONS = (
					"DEBUG=1",
					"$(inherited)",
				);
				GCC_WARN_64_TO_32_BIT_CONVERSION = YES;
				GCC_WARN_ABOUT_RETURN_TYPE = YES_ERROR;
				GCC_WARN_UNDECLARED_SELECTOR = YES;
				GCC_WARN_UNINITIALIZED_AUTOS = YES_AGGRESSIVE;
				GCC_WARN_UNUSED_FUNCTION = YES;
				GCC_WARN_UNUSED_VARIABLE = YES;
				IPHONEOS_DEPLOYMENT_TARGET = 13.2;
				MTL_ENABLE_DEBUG_INFO = INCLUDE_SOURCE;
				MTL_FAST_MATH = YES;
				ONLY_ACTIVE_ARCH = YES;
				SDKROOT = iphoneos;
				SWIFT_ACTIVE_COMPILATION_CONDITIONS = DEBUG;
				SWIFT_OPTIMIZATION_LEVEL = "-Onone";
			};
			name = Debug;
		};
		F93B231523E681C9002E34F9 /* Release */ = {
			isa = XCBuildConfiguration;
			buildSettings = {
				ALWAYS_SEARCH_USER_PATHS = NO;
				CLANG_ANALYZER_NONNULL = YES;
				CLANG_ANALYZER_NUMBER_OBJECT_CONVERSION = YES_AGGRESSIVE;
				CLANG_CXX_LANGUAGE_STANDARD = "gnu++14";
				CLANG_CXX_LIBRARY = "libc++";
				CLANG_ENABLE_MODULES = YES;
				CLANG_ENABLE_OBJC_ARC = YES;
				CLANG_ENABLE_OBJC_WEAK = YES;
				CLANG_WARN_BLOCK_CAPTURE_AUTORELEASING = YES;
				CLANG_WARN_BOOL_CONVERSION = YES;
				CLANG_WARN_COMMA = YES;
				CLANG_WARN_CONSTANT_CONVERSION = YES;
				CLANG_WARN_DEPRECATED_OBJC_IMPLEMENTATIONS = YES;
				CLANG_WARN_DIRECT_OBJC_ISA_USAGE = YES_ERROR;
				CLANG_WARN_DOCUMENTATION_COMMENTS = YES;
				CLANG_WARN_EMPTY_BODY = YES;
				CLANG_WARN_ENUM_CONVERSION = YES;
				CLANG_WARN_INFINITE_RECURSION = YES;
				CLANG_WARN_INT_CONVERSION = YES;
				CLANG_WARN_NON_LITERAL_NULL_CONVERSION = YES;
				CLANG_WARN_OBJC_IMPLICIT_RETAIN_SELF = YES;
				CLANG_WARN_OBJC_LITERAL_CONVERSION = YES;
				CLANG_WARN_OBJC_ROOT_CLASS = YES_ERROR;
				CLANG_WARN_RANGE_LOOP_ANALYSIS = YES;
				CLANG_WARN_STRICT_PROTOTYPES = YES;
				CLANG_WARN_SUSPICIOUS_MOVE = YES;
				CLANG_WARN_UNGUARDED_AVAILABILITY = YES_AGGRESSIVE;
				CLANG_WARN_UNREACHABLE_CODE = YES;
				CLANG_WARN__DUPLICATE_METHOD_MATCH = YES;
				COPY_PHASE_STRIP = NO;
				DEBUG_INFORMATION_FORMAT = "dwarf-with-dsym";
				ENABLE_NS_ASSERTIONS = NO;
				ENABLE_STRICT_OBJC_MSGSEND = YES;
				GCC_C_LANGUAGE_STANDARD = gnu11;
				GCC_NO_COMMON_BLOCKS = YES;
				GCC_WARN_64_TO_32_BIT_CONVERSION = YES;
				GCC_WARN_ABOUT_RETURN_TYPE = YES_ERROR;
				GCC_WARN_UNDECLARED_SELECTOR = YES;
				GCC_WARN_UNINITIALIZED_AUTOS = YES_AGGRESSIVE;
				GCC_WARN_UNUSED_FUNCTION = YES;
				GCC_WARN_UNUSED_VARIABLE = YES;
				IPHONEOS_DEPLOYMENT_TARGET = 13.2;
				MTL_ENABLE_DEBUG_INFO = NO;
				MTL_FAST_MATH = YES;
				SDKROOT = iphoneos;
				SWIFT_COMPILATION_MODE = wholemodule;
				SWIFT_OPTIMIZATION_LEVEL = "-O";
				VALIDATE_PRODUCT = YES;
			};
			name = Release;
		};
		F93B231723E681C9002E34F9 /* Debug */ = {
			isa = XCBuildConfiguration;
			baseConfigurationReference = F41D925757EC3C607DE09E46 /* Pods-AntiConsumerism.debug.xcconfig */;
			buildSettings = {
				ASSETCATALOG_COMPILER_APPICON_NAME = AppIcon;
				CODE_SIGN_STYLE = Automatic;
				DEVELOPMENT_ASSET_PATHS = "\"AntiConsumerism/Preview Content\"";
				DEVELOPMENT_TEAM = AV64Q6NXM9;
				ENABLE_PREVIEWS = YES;
				INFOPLIST_FILE = AntiConsumerism/Info.plist;
				LD_RUNPATH_SEARCH_PATHS = (
					"$(inherited)",
					"@executable_path/Frameworks",
				);
				PRODUCT_BUNDLE_IDENTIFIER = Lezardvaleth.AntiConsumerism;
				PRODUCT_NAME = "$(TARGET_NAME)";
				SWIFT_VERSION = 5.0;
				TARGETED_DEVICE_FAMILY = "1,2";
			};
			name = Debug;
		};
		F93B231823E681C9002E34F9 /* Release */ = {
			isa = XCBuildConfiguration;
			baseConfigurationReference = D748C7CFEA1FDC19AD38B356 /* Pods-AntiConsumerism.release.xcconfig */;
			buildSettings = {
				ASSETCATALOG_COMPILER_APPICON_NAME = AppIcon;
				CODE_SIGN_STYLE = Automatic;
				DEVELOPMENT_ASSET_PATHS = "\"AntiConsumerism/Preview Content\"";
				DEVELOPMENT_TEAM = AV64Q6NXM9;
				ENABLE_PREVIEWS = YES;
				INFOPLIST_FILE = AntiConsumerism/Info.plist;
				LD_RUNPATH_SEARCH_PATHS = (
					"$(inherited)",
					"@executable_path/Frameworks",
				);
				PRODUCT_BUNDLE_IDENTIFIER = Lezardvaleth.AntiConsumerism;
				PRODUCT_NAME = "$(TARGET_NAME)";
				SWIFT_VERSION = 5.0;
				TARGETED_DEVICE_FAMILY = "1,2";
			};
			name = Release;
		};
/* End XCBuildConfiguration section */

/* Begin XCConfigurationList section */
		F93B22FD23E681C2002E34F9 /* Build configuration list for PBXProject "AntiConsumerism" */ = {
			isa = XCConfigurationList;
			buildConfigurations = (
				F93B231423E681C9002E34F9 /* Debug */,
				F93B231523E681C9002E34F9 /* Release */,
			);
			defaultConfigurationIsVisible = 0;
			defaultConfigurationName = Release;
		};
		F93B231623E681C9002E34F9 /* Build configuration list for PBXNativeTarget "AntiConsumerism" */ = {
			isa = XCConfigurationList;
			buildConfigurations = (
				F93B231723E681C9002E34F9 /* Debug */,
				F93B231823E681C9002E34F9 /* Release */,
			);
			defaultConfigurationIsVisible = 0;
			defaultConfigurationName = Release;
		};
/* End XCConfigurationList section */
	};
	rootObject = F93B22FA23E681C2002E34F9 /* Project object */;
}
